
Microsoft Visual Studio Solution File, Format Version 12.00
# Visual Studio 15
VisualStudioVersion = 15.0.28307.421
MinimumVisualStudioVersion = 10.0.40219.1
Project("{9A19103F-16F7-4668-BE54-9A1E7A4F7556}") = "Mileslice", "Mileslice\Mileslice.csproj", "{874BFD9A-170B-4128-9389-A10AEE84AA33}"
EndProject
Project("{FAE04EC0-301F-11D3-BF4B-00C04F79EFBC}") = "Binkalore", "Binkalore\Binkalore.csproj", "{178849CC-0859-4DBD-A712-E11DAF76F344}"
EndProject
Global
	GlobalSection(SolutionConfigurationPlatforms) = preSolution
		Debug|Any CPU = Debug|Any CPU
		Release|Any CPU = Release|Any CPU
	EndGlobalSection
	GlobalSection(ProjectConfigurationPlatforms) = postSolution
		{874BFD9A-170B-4128-9389-A10AEE84AA33}.Debug|Any CPU.ActiveCfg = Debug|Any CPU
		{874BFD9A-170B-4128-9389-A10AEE84AA33}.Debug|Any CPU.Build.0 = Debug|Any CPU
		{874BFD9A-170B-4128-9389-A10AEE84AA33}.Release|Any CPU.ActiveCfg = Release|Any CPU
		{874BFD9A-170B-4128-9389-A10AEE84AA33}.Release|Any CPU.Build.0 = Release|Any CPU
		{178849CC-0859-4DBD-A712-E11DAF76F344}.Debug|Any CPU.ActiveCfg = Debug|Any CPU
		{178849CC-0859-4DBD-A712-E11DAF76F344}.Debug|Any CPU.Build.0 = Debug|Any CPU
		{178849CC-0859-4DBD-A712-E11DAF76F344}.Release|Any CPU.ActiveCfg = Release|Any CPU
		{178849CC-0859-4DBD-A712-E11DAF76F344}.Release|Any CPU.Build.0 = Release|Any CPU
	EndGlobalSection
	GlobalSection(SolutionProperties) = preSolution
		HideSolutionNode = FALSE
	EndGlobalSection
	GlobalSection(ExtensibilityGlobals) = postSolution
		SolutionGuid = {8F6D2C7A-E69D-4712-99C0-06927C1C46C3}
	EndGlobalSection
EndGlobal
